
Microsoft Visual Studio Solution File, Format Version 12.00
# Visual Studio 15
VisualStudioVersion = 15.0.27130.2027
MinimumVisualStudioVersion = 10.0.40219.1
Project("{FAE04EC0-301F-11D3-BF4B-00C04F79EFBC}") = "PencilDurabilityKata", "PencilDurabilityKata\PencilDurabilityKata.csproj", "{A3B2BF00-9A1C-4B5B-9B1B-84243E449566}"
EndProject
Project("{FAE04EC0-301F-11D3-BF4B-00C04F79EFBC}") = "PencilDurabilityKata.Tests", "PencilDurabilityKata.Tests\PencilDurabilityKata.Tests.csproj", "{F592E06C-F1B8-457A-B13C-154C5E36F1B7}"
EndProject
Global
	GlobalSection(SolutionConfigurationPlatforms) = preSolution
		Debug|Any CPU = Debug|Any CPU
		Release|Any CPU = Release|Any CPU
	EndGlobalSection
	GlobalSection(ProjectConfigurationPlatforms) = postSolution
		{A3B2BF00-9A1C-4B5B-9B1B-84243E449566}.Debug|Any CPU.ActiveCfg = Debug|Any CPU
		{A3B2BF00-9A1C-4B5B-9B1B-84243E449566}.Debug|Any CPU.Build.0 = Debug|Any CPU
		{A3B2BF00-9A1C-4B5B-9B1B-84243E449566}.Release|Any CPU.ActiveCfg = Release|Any CPU
		{A3B2BF00-9A1C-4B5B-9B1B-84243E449566}.Release|Any CPU.Build.0 = Release|Any CPU
		{F592E06C-F1B8-457A-B13C-154C5E36F1B7}.Debug|Any CPU.ActiveCfg = Debug|Any CPU
		{F592E06C-F1B8-457A-B13C-154C5E36F1B7}.Debug|Any CPU.Build.0 = Debug|Any CPU
		{F592E06C-F1B8-457A-B13C-154C5E36F1B7}.Release|Any CPU.ActiveCfg = Release|Any CPU
		{F592E06C-F1B8-457A-B13C-154C5E36F1B7}.Release|Any CPU.Build.0 = Release|Any CPU
	EndGlobalSection
	GlobalSection(SolutionProperties) = preSolution
		HideSolutionNode = FALSE
	EndGlobalSection
	GlobalSection(ExtensibilityGlobals) = postSolution
		SolutionGuid = {05334989-3225-410D-BDA1-38658DD805BB}
	EndGlobalSection
EndGlobal
